lockfileVersion: '9.0'

settings:
  autoInstallPeers: true
  excludeLinksFromLockfile: false

importers:

  .:
    dependencies:
      mkdir-p:
        specifier: ^0.0.7
        version: 0.0.7
    devDependencies:
      '@types/node':
        specifier: ^7.0.18
        version: 7.10.14
      typescript:
        specifier: ^2.3.2
        version: 2.9.2

packages:

  '@types/node@7.10.14':
    resolution: {integrity: sha512-29GS75BE8asnTno3yB6ubOJOO0FboExEqNJy4bpz0GSmW/8wPTNL4h9h63c6s1uTrOopCmJYe/4yJLh5r92ZUA==}

  mkdir-p@0.0.7:
    resolution: {integrity: sha512-VkWaZNxDgZle/aJAemUAWdyYX7geyuleKYFfRejf/pFKjxBDbWrMAy41ijg5EiI1U00WR9JcvynuDedE/fTxLA==}

  typescript@2.9.2:
    resolution: {integrity: sha512-Gr4p6nFNaoufRIY4NMdpQRNmgxVIGMs4Fcu/ujdYk3nAZqk7supzBE9idmvfZIlH/Cuj//dvi+019qEue9lV0w==}
    engines: {node: '>=4.2.0'}
    hasBin: true

snapshots:

  '@types/node@7.10.14': {}

  mkdir-p@0.0.7: {}

  typescript@2.9.2: {}
