
Microsoft Visual Studio Solution File, Format Version 12.00
# Visual Studio 14
VisualStudioVersion = 14.0.25420.1
MinimumVisualStudioVersion = 10.0.40219.1
Project("{9092AA53-FB77-4645-B42D-1CCCA6BD08BD}") = "make-topdirs", "make-topdirs.njsproj", "{096052EA-939D-4797-8981-A091C3987390}"
EndProject
Global
	GlobalSection(SolutionConfigurationPlatforms) = preSolution
		Debug|Any CPU = Debug|Any CPU
		Release|Any CPU = Release|Any CPU
	EndGlobalSection
	GlobalSection(ProjectConfigurationPlatforms) = postSolution
		{096052EA-939D-4797-8981-A091C3987390}.Debug|Any CPU.ActiveCfg = Debug|Any CPU
		{096052EA-939D-4797-8981-A091C3987390}.Debug|Any CPU.Build.0 = Debug|Any CPU
		{096052EA-939D-4797-8981-A091C3987390}.Release|Any CPU.ActiveCfg = Release|Any CPU
		{096052EA-939D-4797-8981-A091C3987390}.Release|Any CPU.Build.0 = Release|Any CPU
	EndGlobalSection
	GlobalSection(SolutionProperties) = preSolution
		HideSolutionNode = FALSE
	EndGlobalSection
EndGlobal
